
Microsoft Visual Studio Solution File, Format Version 12.00
# Visual Studio Version 17
VisualStudioVersion = 17.0.31903.59
MinimumVisualStudioVersion = 10.0.40219.1
Project("{2150E333-8FDC-42A3-9474-1A3956D46DE8}") = "src", "src", "{827E0CD3-B72D-47B6-A68D-7590B98EB39B}"
EndProject
Project("{FAE04EC0-301F-11D3-BF4B-00C04F79EFBC}") = "Zip.Promotions.Exercise", "src\Zip.Promotions.Exercise\Zip.Promotions.Exercise.csproj", "{14E02F08-C1C7-425F-A9CA-50C8A3A78FFE}"
EndProject
Project("{2150E333-8FDC-42A3-9474-1A3956D46DE8}") = "tests", "tests", "{0AB3BF05-4346-4AA6-1389-037BE0695223}"
EndProject
Project("{FAE04EC0-301F-11D3-BF4B-00C04F79EFBC}") = "Zip.Promotions.Exercise.Tests", "tests\Zip.Promotions.Exercise.Tests\Zip.Promotions.Exercise.Tests.csproj", "{C74F1808-D125-4EFC-9B71-072B0A245D8D}"
EndProject
Global
	GlobalSection(SolutionConfigurationPlatforms) = preSolution
		Debug|Any CPU = Debug|Any CPU
		Debug|x64 = Debug|x64
		Debug|x86 = Debug|x86
		Release|Any CPU = Release|Any CPU
		Release|x64 = Release|x64
		Release|x86 = Release|x86
	EndGlobalSection
	GlobalSection(ProjectConfigurationPlatforms) = postSolution
		{14E02F08-C1C7-425F-A9CA-50C8A3A78FFE}.Debug|Any CPU.ActiveCfg = Debug|Any CPU
		{14E02F08-C1C7-425F-A9CA-50C8A3A78FFE}.Debug|Any CPU.Build.0 = Debug|Any CPU
		{14E02F08-C1C7-425F-A9CA-50C8A3A78FFE}.Debug|x64.ActiveCfg = Debug|Any CPU
		{14E02F08-C1C7-425F-A9CA-50C8A3A78FFE}.Debug|x64.Build.0 = Debug|Any CPU
		{14E02F08-C1C7-425F-A9CA-50C8A3A78FFE}.Debug|x86.ActiveCfg = Debug|Any CPU
		{14E02F08-C1C7-425F-A9CA-50C8A3A78FFE}.Debug|x86.Build.0 = Debug|Any CPU
		{14E02F08-C1C7-425F-A9CA-50C8A3A78FFE}.Release|Any CPU.ActiveCfg = Release|Any CPU
		{14E02F08-C1C7-425F-A9CA-50C8A3A78FFE}.Release|Any CPU.Build.0 = Release|Any CPU
		{14E02F08-C1C7-425F-A9CA-50C8A3A78FFE}.Release|x64.ActiveCfg = Release|Any CPU
		{14E02F08-C1C7-425F-A9CA-50C8A3A78FFE}.Release|x64.Build.0 = Release|Any CPU
		{14E02F08-C1C7-425F-A9CA-50C8A3A78FFE}.Release|x86.ActiveCfg = Release|Any CPU
		{14E02F08-C1C7-425F-A9CA-50C8A3A78FFE}.Release|x86.Build.0 = Release|Any CPU
		{C74F1808-D125-4EFC-9B71-072B0A245D8D}.Debug|Any CPU.ActiveCfg = Debug|Any CPU
		{C74F1808-D125-4EFC-9B71-072B0A245D8D}.Debug|Any CPU.Build.0 = Debug|Any CPU
		{C74F1808-D125-4EFC-9B71-072B0A245D8D}.Debug|x64.ActiveCfg = Debug|Any CPU
		{C74F1808-D125-4EFC-9B71-072B0A245D8D}.Debug|x64.Build.0 = Debug|Any CPU
		{C74F1808-D125-4EFC-9B71-072B0A245D8D}.Debug|x86.ActiveCfg = Debug|Any CPU
		{C74F1808-D125-4EFC-9B71-072B0A245D8D}.Debug|x86.Build.0 = Debug|Any CPU
		{C74F1808-D125-4EFC-9B71-072B0A245D8D}.Release|Any CPU.ActiveCfg = Release|Any CPU
		{C74F1808-D125-4EFC-9B71-072B0A245D8D}.Release|Any CPU.Build.0 = Release|Any CPU
		{C74F1808-D125-4EFC-9B71-072B0A245D8D}.Release|x64.ActiveCfg = Release|Any CPU
		{C74F1808-D125-4EFC-9B71-072B0A245D8D}.Release|x64.Build.0 = Release|Any CPU
		{C74F1808-D125-4EFC-9B71-072B0A245D8D}.Release|x86.ActiveCfg = Release|Any CPU
		{C74F1808-D125-4EFC-9B71-072B0A245D8D}.Release|x86.Build.0 = Release|Any CPU
	EndGlobalSection
	GlobalSection(SolutionProperties) = preSolution
		HideSolutionNode = FALSE
	EndGlobalSection
	GlobalSection(NestedProjects) = preSolution
		{14E02F08-C1C7-425F-A9CA-50C8A3A78FFE} = {827E0CD3-B72D-47B6-A68D-7590B98EB39B}
		{C74F1808-D125-4EFC-9B71-072B0A245D8D} = {0AB3BF05-4346-4AA6-1389-037BE0695223}
	EndGlobalSection
EndGlobal
